{
  "name": "Interactive-SHACL-Shapes-Graph-Editor",
  "lockfileVersion": 2,
  "requires": true,
  "packages": {
    "": {
      "dependencies": {
        "@comake/shacl-to-json-schema": "^1.0.3"
      }
    },
    "node_modules/@comake/shacl-to-json-schema": {
      "version": "1.0.3",
      "resolved": "https://registry.npmjs.org/@comake/shacl-to-json-schema/-/shacl-to-json-schema-1.0.3.tgz",
      "integrity": "sha512-AWnOuWIXKEpsXDKKKgzvkJpgRQ4thNorjt8JGBhw9bzstTp6H5dUz4aCORe9fIXYkWK9FLC8YZPlxR2oT6+4GA=="
    }
  },
  "dependencies": {
    "@comake/shacl-to-json-schema": {
      "version": "1.0.3",
      "resolved": "https://registry.npmjs.org/@comake/shacl-to-json-schema/-/shacl-to-json-schema-1.0.3.tgz",
      "integrity": "sha512-AWnOuWIXKEpsXDKKKgzvkJpgRQ4thNorjt8JGBhw9bzstTp6H5dUz4aCORe9fIXYkWK9FLC8YZPlxR2oT6+4GA=="
    }
  }
}
